PODS:
  - NEUPagingSegmentedControl (0.3.0)

DEPENDENCIES:
  - NEUPagingSegmentedControl (from `./`)

EXTERNAL SOURCES:
  NEUPagingSegmentedControl:
    :path: "./"

SPEC CHECKSUMS:
  NEUPagingSegmentedControl: a5a299241f89afe78602b681ee8ff71736c19936

PODFILE CHECKSUM: 39572f1fa45c9cc7228a48de29ca7f49513698a4

COCOAPODS: 1.5.0
