PODS:
  - NEUPagingSegmentedControl (0.3.0)

DEPENDENCIES:
  - NEUPagingSegmentedControl (from `./`)

EXTERNAL SOURCES:
  NEUPagingSegmentedControl:
    :path: "./"

SPEC CHECKSUMS:
  NEUPagingSegmentedControl: 1efe526fbf4c69210424043cf3922f72b87557c0

PODFILE CHECKSUM: 72c3374a408ba46c4ad9f53d2ab5fc754c2eaa31

COCOAPODS: 1.0.1
