PODS:
  - NEUPagingSegmentedControl (0.3.0)
  - SpaceCommander (1.1.8)

DEPENDENCIES:
  - NEUPagingSegmentedControl (from `./`)
  - SpaceCommander

EXTERNAL SOURCES:
  NEUPagingSegmentedControl:
    :path: "./"

SPEC CHECKSUMS:
  NEUPagingSegmentedControl: 1efe526fbf4c69210424043cf3922f72b87557c0
  SpaceCommander: e222039062fad5aab888c892158ca1f096f7ad2d

PODFILE CHECKSUM: ae2837b3f0801edaf0ff20c6861418deba29144c

COCOAPODS: 1.0.1
