// !$*UTF8*$!
{
	archiveVersion = 1;
	classes = {
	};
	objectVersion = 46;
	objects = {

/* Begin PBXBuildFile section */
		B53D85181917F794009A7961 /* Foundation.framework in Frameworks */ = {isa = PBXBuildFile; fileRef = B53D85171917F794009A7961 /* Foundation.framework */; };
		B53D851A1917F794009A7961 /* CoreGraphics.framework in Frameworks */ = {isa = PBXBuildFile; fileRef = B53D85191917F794009A7961 /* CoreGraphics.framework */; };
		B53D851C1917F794009A7961 /* UIKit.framework in Frameworks */ = {isa = PBXBuildFile; fileRef = B53D851B1917F794009A7961 /* UIKit.framework */; };
		B53D85221917F794009A7961 /* InfoPlist.strings in Resources */ = {isa = PBXBuildFile; fileRef = B53D85201917F794009A7961 /* InfoPlist.strings */; };
		B53D85241917F794009A7961 /* main.m in Sources */ = {isa = PBXBuildFile; fileRef = B53D85231917F794009A7961 /* main.m */; };
		B53D85281917F794009A7961 /* NEUAppDelegate.m in Sources */ = {isa = PBXBuildFile; fileRef = B53D85271917F794009A7961 /* NEUAppDelegate.m */; };
		B53D852A1917F794009A7961 /* Images.xcassets in Resources */ = {isa = PBXBuildFile; fileRef = B53D85291917F794009A7961 /* Images.xcassets */; };
		B53D85311917F794009A7961 /* XCTest.framework in Frameworks */ = {isa = PBXBuildFile; fileRef = B53D85301917F794009A7961 /* XCTest.framework */; };
		B53D85321917F794009A7961 /* Foundation.framework in Frameworks */ = {isa = PBXBuildFile; fileRef = B53D85171917F794009A7961 /* Foundation.framework */; };
		B53D85331917F794009A7961 /* UIKit.framework in Frameworks */ = {isa = PBXBuildFile; fileRef = B53D851B1917F794009A7961 /* UIKit.framework */; };
		B53D853B1917F794009A7961 /* InfoPlist.strings in Resources */ = {isa = PBXBuildFile; fileRef = B53D85391917F794009A7961 /* InfoPlist.strings */; };
		B53D853D1917F794009A7961 /* NEUPagingSegmentedControlDemoTests.m in Sources */ = {isa = PBXBuildFile; fileRef = B53D853C1917F794009A7961 /* NEUPagingSegmentedControlDemoTests.m */; };
		B5A8C6D91917FBA500A01E88 /* NEUViewController.m in Sources */ = {isa = PBXBuildFile; fileRef = B5A8C6D81917FBA500A01E88 /* NEUViewController.m */; };
		B5A8C6DC1917FBAF00A01E88 /* NEUPagingSegmentedControl.m in Sources */ = {isa = PBXBuildFile; fileRef = B5A8C6DB1917FBAF00A01E88 /* NEUPagingSegmentedControl.m */; };
		B5A8C6E01917FCF300A01E88 /* NEUTriangleView.m in Sources */ = {isa = PBXBuildFile; fileRef = B5A8C6DF1917FCF300A01E88 /* NEUTriangleView.m */; };
		B5A8C6E31917FE2B00A01E88 /* NEUHorizontalLine.m in Sources */ = {isa = PBXBuildFile; fileRef = B5A8C6E21917FE2B00A01E88 /* NEUHorizontalLine.m */; };
/* End PBXBuildFile section */

/* Begin PBXContainerItemProxy section */
		B53D85341917F794009A7961 /* PBXContainerItemProxy */ = {
			isa = PBXContainerItemProxy;
			containerPortal = B53D850C1917F794009A7961 /* Project object */;
			proxyType = 1;
			remoteGlobalIDString = B53D85131917F794009A7961;
			remoteInfo = NEUPagingSegmentedControlDemo;
		};
/* End PBXContainerItemProxy section */

/* Begin PBXFileReference section */
		B53D85141917F794009A7961 /* NEUPagingSegmentedControlDemo.app */ = {isa = PBXFileReference; explicitFileType = wrapper.application; includeInIndex = 0; path = NEUPagingSegmentedControlDemo.app; sourceTree = BUILT_PRODUCTS_DIR; };
		B53D85171917F794009A7961 /* Foundation.framework */ = {isa = PBXFileReference; lastKnownFileType = wrapper.framework; name = Foundation.framework; path = System/Library/Frameworks/Foundation.framework; sourceTree = SDKROOT; };
		B53D85191917F794009A7961 /* CoreGraphics.framework */ = {isa = PBXFileReference; lastKnownFileType = wrapper.framework; name = CoreGraphics.framework; path = System/Library/Frameworks/CoreGraphics.framework; sourceTree = SDKROOT; };
		B53D851B1917F794009A7961 /* UIKit.framework */ = {isa = PBXFileReference; lastKnownFileType = wrapper.framework; name = UIKit.framework; path = System/Library/Frameworks/UIKit.framework; sourceTree = SDKROOT; };
		B53D851F1917F794009A7961 /* NEUPagingSegmentedControlDemo-Info.plist */ = {isa = PBXFileReference; lastKnownFileType = text.plist.xml; path = "NEUPagingSegmentedControlDemo-Info.plist"; sourceTree = "<group>"; };
		B53D85211917F794009A7961 /* en */ = {isa = PBXFileReference; lastKnownFileType = text.plist.strings; name = en; path = en.lproj/InfoPlist.strings; sourceTree = "<group>"; };
		B53D85231917F794009A7961 /* main.m */ = {isa = PBXFileReference; lastKnownFileType = sourcecode.c.objc; path = main.m; sourceTree = "<group>"; };
		B53D85251917F794009A7961 /* NEUPagingSegmentedControlDemo-Prefix.pch */ = {isa = PBXFileReference; lastKnownFileType = sourcecode.c.h; path = "NEUPagingSegmentedControlDemo-Prefix.pch"; sourceTree = "<group>"; };
		B53D85261917F794009A7961 /* NEUAppDelegate.h */ = {isa = PBXFileReference; lastKnownFileType = sourcecode.c.h; path = NEUAppDelegate.h; sourceTree = "<group>"; };
		B53D85271917F794009A7961 /* NEUAppDelegate.m */ = {isa = PBXFileReference; lastKnownFileType = sourcecode.c.objc; path = NEUAppDelegate.m; sourceTree = "<group>"; };
		B53D85291917F794009A7961 /* Images.xcassets */ = {isa = PBXFileReference; lastKnownFileType = folder.assetcatalog; path = Images.xcassets; sourceTree = "<group>"; };
		B53D852F1917F794009A7961 /* NEUPagingSegmentedControlDemoTests.xctest */ = {isa = PBXFileReference; explicitFileType = wrapper.cfbundle; includeInIndex = 0; path = NEUPagingSegmentedControlDemoTests.xctest; sourceTree = BUILT_PRODUCTS_DIR; };
		B53D85301917F794009A7961 /* XCTest.framework */ = {isa = PBXFileReference; lastKnownFileType = wrapper.framework; name = XCTest.framework; path = Library/Frameworks/XCTest.framework; sourceTree = DEVELOPER_DIR; };
		B53D85381917F794009A7961 /* NEUPagingSegmentedControlDemoTests-Info.plist */ = {isa = PBXFileReference; lastKnownFileType = text.plist.xml; path = "NEUPagingSegmentedControlDemoTests-Info.plist"; sourceTree = "<group>"; };
		B53D853A1917F794009A7961 /* en */ = {isa = PBXFileReference; lastKnownFileType = text.plist.strings; name = en; path = en.lproj/InfoPlist.strings; sourceTree = "<group>"; };
		B53D853C1917F794009A7961 /* NEUPagingSegmentedControlDemoTests.m */ = {isa = PBXFileReference; lastKnownFileType = sourcecode.c.objc; path = NEUPagingSegmentedControlDemoTests.m; sourceTree = "<group>"; };
		B5A8C6D71917FBA500A01E88 /* NEUViewController.h */ = {isa = PBXFileReference; fileEncoding = 4; lastKnownFileType = sourcecode.c.h; path = NEUViewController.h; sourceTree = "<group>"; };
		B5A8C6D81917FBA500A01E88 /* NEUViewController.m */ = {isa = PBXFileReference; fileEncoding = 4; lastKnownFileType = sourcecode.c.objc; path = NEUViewController.m; sourceTree = "<group>"; };
		B5A8C6DA1917FBAF00A01E88 /* NEUPagingSegmentedControl.h */ = {isa = PBXFileReference; fileEncoding = 4; lastKnownFileType = sourcecode.c.h; name = NEUPagingSegmentedControl.h; path = ../../NEUPagingSegmentedControl/NEUPagingSegmentedControl.h; sourceTree = "<group>"; };
		B5A8C6DB1917FBAF00A01E88 /* NEUPagingSegmentedControl.m */ = {isa = PBXFileReference; fileEncoding = 4; lastKnownFileType = sourcecode.c.objc; name = NEUPagingSegmentedControl.m; path = ../../NEUPagingSegmentedControl/NEUPagingSegmentedControl.m; sourceTree = "<group>"; };
		B5A8C6DE1917FCF300A01E88 /* NEUTriangleView.h */ = {isa = PBXFileReference; fileEncoding = 4; lastKnownFileType = sourcecode.c.h; name = NEUTriangleView.h; path = ../../NEUPagingSegmentedControl/NEUTriangleView.h; sourceTree = "<group>"; };
		B5A8C6DF1917FCF300A01E88 /* NEUTriangleView.m */ = {isa = PBXFileReference; fileEncoding = 4; lastKnownFileType = sourcecode.c.objc; name = NEUTriangleView.m; path = ../../NEUPagingSegmentedControl/NEUTriangleView.m; sourceTree = "<group>"; };
		B5A8C6E11917FE2B00A01E88 /* NEUHorizontalLine.h */ = {isa = PBXFileReference; fileEncoding = 4; lastKnownFileType = sourcecode.c.h; name = NEUHorizontalLine.h; path = ../../NEUPagingSegmentedControl/NEUHorizontalLine.h; sourceTree = "<group>"; };
		B5A8C6E21917FE2B00A01E88 /* NEUHorizontalLine.m */ = {isa = PBXFileReference; fileEncoding = 4; lastKnownFileType = sourcecode.c.objc; name = NEUHorizontalLine.m; path = ../../NEUPagingSegmentedControl/NEUHorizontalLine.m; sourceTree = "<group>"; };
/* End PBXFileReference section */

/* Begin PBXFrameworksBuildPhase section */
		B53D85111917F794009A7961 /* Frameworks */ = {
			isa = PBXFrameworksBuildPhase;
			buildActionMask = 2147483647;
			files = (
				B53D851A1917F794009A7961 /* CoreGraphics.framework in Frameworks */,
				B53D85181917F794009A7961 /* Foundation.framework in Frameworks */,
				B53D851C1917F794009A7961 /* UIKit.framework in Frameworks */,
			);
			runOnlyForDeploymentPostprocessing = 0;
		};
		B53D852C1917F794009A7961 /* Frameworks */ = {
			isa = PBXFrameworksBuildPhase;
			buildActionMask = 2147483647;
			files = (
				B53D85321917F794009A7961 /* Foundation.framework in Frameworks */,
				B53D85331917F794009A7961 /* UIKit.framework in Frameworks */,
				B53D85311917F794009A7961 /* XCTest.framework in Frameworks */,
			);
			runOnlyForDeploymentPostprocessing = 0;
		};
/* End PBXFrameworksBuildPhase section */

/* Begin PBXGroup section */
		B53D850B1917F794009A7961 = {
			isa = PBXGroup;
			children = (
				B53D85161917F794009A7961 /* Frameworks */,
				B53D851D1917F794009A7961 /* NEUPagingSegmentedControlDemo */,
				B53D85361917F794009A7961 /* NEUPagingSegmentedControlDemoTests */,
				B53D85151917F794009A7961 /* Products */,
			);
			sourceTree = "<group>";
		};
		B53D85151917F794009A7961 /* Products */ = {
			isa = PBXGroup;
			children = (
				B53D85141917F794009A7961 /* NEUPagingSegmentedControlDemo.app */,
				B53D852F1917F794009A7961 /* NEUPagingSegmentedControlDemoTests.xctest */,
			);
			name = Products;
			sourceTree = "<group>";
		};
		B53D85161917F794009A7961 /* Frameworks */ = {
			isa = PBXGroup;
			children = (
				B53D85191917F794009A7961 /* CoreGraphics.framework */,
				B53D85171917F794009A7961 /* Foundation.framework */,
				B53D851B1917F794009A7961 /* UIKit.framework */,
				B53D85301917F794009A7961 /* XCTest.framework */,
			);
			name = Frameworks;
			sourceTree = "<group>";
		};
		B53D851D1917F794009A7961 /* NEUPagingSegmentedControlDemo */ = {
			isa = PBXGroup;
			children = (
				B5A8C6DD1917FBB400A01E88 /* NEUPagingSegmentedControl */,
				B53D851E1917F794009A7961 /* Supporting Files */,
				B53D85291917F794009A7961 /* Images.xcassets */,
				B53D85261917F794009A7961 /* NEUAppDelegate.h */,
				B53D85271917F794009A7961 /* NEUAppDelegate.m */,
				B5A8C6D71917FBA500A01E88 /* NEUViewController.h */,
				B5A8C6D81917FBA500A01E88 /* NEUViewController.m */,
			);
			path = NEUPagingSegmentedControlDemo;
			sourceTree = "<group>";
		};
		B53D851E1917F794009A7961 /* Supporting Files */ = {
			isa = PBXGroup;
			children = (
				B53D85201917F794009A7961 /* InfoPlist.strings */,
				B53D85231917F794009A7961 /* main.m */,
				B53D851F1917F794009A7961 /* NEUPagingSegmentedControlDemo-Info.plist */,
				B53D85251917F794009A7961 /* NEUPagingSegmentedControlDemo-Prefix.pch */,
			);
			name = "Supporting Files";
			sourceTree = "<group>";
		};
		B53D85361917F794009A7961 /* NEUPagingSegmentedControlDemoTests */ = {
			isa = PBXGroup;
			children = (
				B53D85371917F794009A7961 /* Supporting Files */,
				B53D853C1917F794009A7961 /* NEUPagingSegmentedControlDemoTests.m */,
			);
			path = NEUPagingSegmentedControlDemoTests;
			sourceTree = "<group>";
		};
		B53D85371917F794009A7961 /* Supporting Files */ = {
			isa = PBXGroup;
			children = (
				B53D85391917F794009A7961 /* InfoPlist.strings */,
				B53D85381917F794009A7961 /* NEUPagingSegmentedControlDemoTests-Info.plist */,
			);
			name = "Supporting Files";
			sourceTree = "<group>";
		};
		B5A8C6DD1917FBB400A01E88 /* NEUPagingSegmentedControl */ = {
			isa = PBXGroup;
			children = (
				B5A8C6E11917FE2B00A01E88 /* NEUHorizontalLine.h */,
				B5A8C6E21917FE2B00A01E88 /* NEUHorizontalLine.m */,
				B5A8C6DA1917FBAF00A01E88 /* NEUPagingSegmentedControl.h */,
				B5A8C6DB1917FBAF00A01E88 /* NEUPagingSegmentedControl.m */,
				B5A8C6DE1917FCF300A01E88 /* NEUTriangleView.h */,
				B5A8C6DF1917FCF300A01E88 /* NEUTriangleView.m */,
			);
			name = NEUPagingSegmentedControl;
			sourceTree = "<group>";
		};
/* End PBXGroup section */

/* Begin PBXNativeTarget section */
		B53D85131917F794009A7961 /* NEUPagingSegmentedControlDemo */ = {
			isa = PBXNativeTarget;
			buildConfigurationList = B53D85401917F794009A7961 /* Build configuration list for PBXNativeTarget "NEUPagingSegmentedControlDemo" */;
			buildPhases = (
				B53D85101917F794009A7961 /* Sources */,
				B53D85111917F794009A7961 /* Frameworks */,
				B53D85121917F794009A7961 /* Resources */,
			);
			buildRules = (
			);
			dependencies = (
			);
			name = NEUPagingSegmentedControlDemo;
			productName = NEUPagingSegmentedControlDemo;
			productReference = B53D85141917F794009A7961 /* NEUPagingSegmentedControlDemo.app */;
			productType = "com.apple.product-type.application";
		};
		B53D852E1917F794009A7961 /* NEUPagingSegmentedControlDemoTests */ = {
			isa = PBXNativeTarget;
			buildConfigurationList = B53D85431917F794009A7961 /* Build configuration list for PBXNativeTarget "NEUPagingSegmentedControlDemoTests" */;
			buildPhases = (
				B53D852B1917F794009A7961 /* Sources */,
				B53D852C1917F794009A7961 /* Frameworks */,
				B53D852D1917F794009A7961 /* Resources */,
			);
			buildRules = (
			);
			dependencies = (
				B53D85351917F794009A7961 /* PBXTargetDependency */,
			);
			name = NEUPagingSegmentedControlDemoTests;
			productName = NEUPagingSegmentedControlDemoTests;
			productReference = B53D852F1917F794009A7961 /* NEUPagingSegmentedControlDemoTests.xctest */;
			productType = "com.apple.product-type.bundle.unit-test";
		};
/* End PBXNativeTarget section */

/* Begin PBXProject section */
		B53D850C1917F794009A7961 /* Project object */ = {
			isa = PBXProject;
			attributes = {
				CLASSPREFIX = NEU;
				LastUpgradeCheck = 0510;
				ORGANIZATIONNAME = bcylin;
				TargetAttributes = {
					B53D852E1917F794009A7961 = {
						TestTargetID = B53D85131917F794009A7961;
					};
				};
			};
			buildConfigurationList = B53D850F1917F794009A7961 /* Build configuration list for PBXProject "NEUPagingSegmentedControlDemo" */;
			compatibilityVersion = "Xcode 3.2";
			developmentRegion = English;
			hasScannedForEncodings = 0;
			knownRegions = (
				en,
			);
			mainGroup = B53D850B1917F794009A7961;
			productRefGroup = B53D85151917F794009A7961 /* Products */;
			projectDirPath = "";
			projectRoot = "";
			targets = (
				B53D85131917F794009A7961 /* NEUPagingSegmentedControlDemo */,
				B53D852E1917F794009A7961 /* NEUPagingSegmentedControlDemoTests */,
			);
		};
/* End PBXProject section */

/* Begin PBXResourcesBuildPhase section */
		B53D85121917F794009A7961 /* Resources */ = {
			isa = PBXResourcesBuildPhase;
			buildActionMask = 2147483647;
			files = (
				B53D852A1917F794009A7961 /* Images.xcassets in Resources */,
				B53D85221917F794009A7961 /* InfoPlist.strings in Resources */,
			);
			runOnlyForDeploymentPostprocessing = 0;
		};
		B53D852D1917F794009A7961 /* Resources */ = {
			isa = PBXResourcesBuildPhase;
			buildActionMask = 2147483647;
			files = (
				B53D853B1917F794009A7961 /* InfoPlist.strings in Resources */,
			);
			runOnlyForDeploymentPostprocessing = 0;
		};
/* End PBXResourcesBuildPhase section */

/* Begin PBXSourcesBuildPhase section */
		B53D85101917F794009A7961 /* Sources */ = {
			isa = PBXSourcesBuildPhase;
			buildActionMask = 2147483647;
			files = (
				B53D85241917F794009A7961 /* main.m in Sources */,
				B53D85281917F794009A7961 /* NEUAppDelegate.m in Sources */,
				B5A8C6E31917FE2B00A01E88 /* NEUHorizontalLine.m in Sources */,
				B5A8C6DC1917FBAF00A01E88 /* NEUPagingSegmentedControl.m in Sources */,
				B5A8C6E01917FCF300A01E88 /* NEUTriangleView.m in Sources */,
				B5A8C6D91917FBA500A01E88 /* NEUViewController.m in Sources */,
			);
			runOnlyForDeploymentPostprocessing = 0;
		};
		B53D852B1917F794009A7961 /* Sources */ = {
			isa = PBXSourcesBuildPhase;
			buildActionMask = 2147483647;
			files = (
				B53D853D1917F794009A7961 /* NEUPagingSegmentedControlDemoTests.m in Sources */,
			);
			runOnlyForDeploymentPostprocessing = 0;
		};
/* End PBXSourcesBuildPhase section */

/* Begin PBXTargetDependency section */
		B53D85351917F794009A7961 /* PBXTargetDependency */ = {
			isa = PBXTargetDependency;
			target = B53D85131917F794009A7961 /* NEUPagingSegmentedControlDemo */;
			targetProxy = B53D85341917F794009A7961 /* PBXContainerItemProxy */;
		};
/* End PBXTargetDependency section */

/* Begin PBXVariantGroup section */
		B53D85201917F794009A7961 /* InfoPlist.strings */ = {
			isa = PBXVariantGroup;
			children = (
				B53D85211917F794009A7961 /* en */,
			);
			name = InfoPlist.strings;
			sourceTree = "<group>";
		};
		B53D85391917F794009A7961 /* InfoPlist.strings */ = {
			isa = PBXVariantGroup;
			children = (
				B53D853A1917F794009A7961 /* en */,
			);
			name = InfoPlist.strings;
			sourceTree = "<group>";
		};
/* End PBXVariantGroup section */

/* Begin XCBuildConfiguration section */
		B53D853E1917F794009A7961 /* Debug */ = {
			isa = XCBuildConfiguration;
			buildSettings = {
				ALWAYS_SEARCH_USER_PATHS = NO;
				CLANG_CXX_LANGUAGE_STANDARD = "gnu++0x";
				CLANG_CXX_LIBRARY = "libc++";
				CLANG_ENABLE_MODULES = YES;
				CLANG_ENABLE_OBJC_ARC = YES;
				CLANG_WARN_BOOL_CONVERSION = YES;
				CLANG_WARN_CONSTANT_CONVERSION = YES;
				CLANG_WARN_DIRECT_OBJC_ISA_USAGE = YES_ERROR;
				CLANG_WARN_EMPTY_BODY = YES;
				CLANG_WARN_ENUM_CONVERSION = YES;
				CLANG_WARN_INT_CONVERSION = YES;
				CLANG_WARN_OBJC_ROOT_CLASS = YES_ERROR;
				CLANG_WARN__DUPLICATE_METHOD_MATCH = YES;
				"CODE_SIGN_IDENTITY[sdk=iphoneos*]" = "iPhone Developer";
				COPY_PHASE_STRIP = NO;
				GCC_C_LANGUAGE_STANDARD = gnu99;
				GCC_DYNAMIC_NO_PIC = NO;
				GCC_OPTIMIZATION_LEVEL = 0;
				GCC_PREPROCESSOR_DEFINITIONS = (
					"DEBUG=1",
					"$(inherited)",
				);
				GCC_SYMBOLS_PRIVATE_EXTERN = NO;
				GCC_WARN_64_TO_32_BIT_CONVERSION = YES;
				GCC_WARN_ABOUT_RETURN_TYPE = YES_ERROR;
				GCC_WARN_UNDECLARED_SELECTOR = YES;
				GCC_WARN_UNINITIALIZED_AUTOS = YES_AGGRESSIVE;
				GCC_WARN_UNUSED_FUNCTION = YES;
				GCC_WARN_UNUSED_VARIABLE = YES;
				IPHONEOS_DEPLOYMENT_TARGET = 7.1;
				ONLY_ACTIVE_ARCH = YES;
				SDKROOT = iphoneos;
			};
			name = Debug;
		};
		B53D853F1917F794009A7961 /* Release */ = {
			isa = XCBuildConfiguration;
			buildSettings = {
				ALWAYS_SEARCH_USER_PATHS = NO;
				CLANG_CXX_LANGUAGE_STANDARD = "gnu++0x";
				CLANG_CXX_LIBRARY = "libc++";
				CLANG_ENABLE_MODULES = YES;
				CLANG_ENABLE_OBJC_ARC = YES;
				CLANG_WARN_BOOL_CONVERSION = YES;
				CLANG_WARN_CONSTANT_CONVERSION = YES;
				CLANG_WARN_DIRECT_OBJC_ISA_USAGE = YES_ERROR;
				CLANG_WARN_EMPTY_BODY = YES;
				CLANG_WARN_ENUM_CONVERSION = YES;
				CLANG_WARN_INT_CONVERSION = YES;
				CLANG_WARN_OBJC_ROOT_CLASS = YES_ERROR;
				CLANG_WARN__DUPLICATE_METHOD_MATCH = YES;
				"CODE_SIGN_IDENTITY[sdk=iphoneos*]" = "iPhone Developer";
				COPY_PHASE_STRIP = YES;
				ENABLE_NS_ASSERTIONS = NO;
				GCC_C_LANGUAGE_STANDARD = gnu99;
				GCC_WARN_64_TO_32_BIT_CONVERSION = YES;
				GCC_WARN_ABOUT_RETURN_TYPE = YES_ERROR;
				GCC_WARN_UNDECLARED_SELECTOR = YES;
				GCC_WARN_UNINITIALIZED_AUTOS = YES_AGGRESSIVE;
				GCC_WARN_UNUSED_FUNCTION = YES;
				GCC_WARN_UNUSED_VARIABLE = YES;
				IPHONEOS_DEPLOYMENT_TARGET = 7.1;
				SDKROOT = iphoneos;
				VALIDATE_PRODUCT = YES;
			};
			name = Release;
		};
		B53D85411917F794009A7961 /* Debug */ = {
			isa = XCBuildConfiguration;
			buildSettings = {
				ASSETCATALOG_COMPILER_APPICON_NAME = AppIcon;
				ASSETCATALOG_COMPILER_LAUNCHIMAGE_NAME = LaunchImage;
				GCC_PRECOMPILE_PREFIX_HEADER = YES;
				GCC_PREFIX_HEADER = "NEUPagingSegmentedControlDemo/NEUPagingSegmentedControlDemo-Prefix.pch";
				INFOPLIST_FILE = "NEUPagingSegmentedControlDemo/NEUPagingSegmentedControlDemo-Info.plist";
				PRODUCT_NAME = "$(TARGET_NAME)";
				WRAPPER_EXTENSION = app;
			};
			name = Debug;
		};
		B53D85421917F794009A7961 /* Release */ = {
			isa = XCBuildConfiguration;
			buildSettings = {
				ASSETCATALOG_COMPILER_APPICON_NAME = AppIcon;
				ASSETCATALOG_COMPILER_LAUNCHIMAGE_NAME = LaunchImage;
				GCC_PRECOMPILE_PREFIX_HEADER = YES;
				GCC_PREFIX_HEADER = "NEUPagingSegmentedControlDemo/NEUPagingSegmentedControlDemo-Prefix.pch";
				INFOPLIST_FILE = "NEUPagingSegmentedControlDemo/NEUPagingSegmentedControlDemo-Info.plist";
				PRODUCT_NAME = "$(TARGET_NAME)";
				WRAPPER_EXTENSION = app;
			};
			name = Release;
		};
		B53D85441917F794009A7961 /* Debug */ = {
			isa = XCBuildConfiguration;
			buildSettings = {
				BUNDLE_LOADER = "$(BUILT_PRODUCTS_DIR)/NEUPagingSegmentedControlDemo.app/NEUPagingSegmentedControlDemo";
				FRAMEWORK_SEARCH_PATHS = (
					"$(SDKROOT)/Developer/Library/Frameworks",
					"$(inherited)",
					"$(DEVELOPER_FRAMEWORKS_DIR)",
				);
				GCC_PRECOMPILE_PREFIX_HEADER = YES;
				GCC_PREFIX_HEADER = "NEUPagingSegmentedControlDemo/NEUPagingSegmentedControlDemo-Prefix.pch";
				GCC_PREPROCESSOR_DEFINITIONS = (
					"DEBUG=1",
					"$(inherited)",
				);
				INFOPLIST_FILE = "NEUPagingSegmentedControlDemoTests/NEUPagingSegmentedControlDemoTests-Info.plist";
				PRODUCT_NAME = "$(TARGET_NAME)";
				TEST_HOST = "$(BUNDLE_LOADER)";
				WRAPPER_EXTENSION = xctest;
			};
			name = Debug;
		};
		B53D85451917F794009A7961 /* Release */ = {
			isa = XCBuildConfiguration;
			buildSettings = {
				BUNDLE_LOADER = "$(BUILT_PRODUCTS_DIR)/NEUPagingSegmentedControlDemo.app/NEUPagingSegmentedControlDemo";
				FRAMEWORK_SEARCH_PATHS = (
					"$(SDKROOT)/Developer/Library/Frameworks",
					"$(inherited)",
					"$(DEVELOPER_FRAMEWORKS_DIR)",
				);
				GCC_PRECOMPILE_PREFIX_HEADER = YES;
				GCC_PREFIX_HEADER = "NEUPagingSegmentedControlDemo/NEUPagingSegmentedControlDemo-Prefix.pch";
				INFOPLIST_FILE = "NEUPagingSegmentedControlDemoTests/NEUPagingSegmentedControlDemoTests-Info.plist";
				PRODUCT_NAME = "$(TARGET_NAME)";
				TEST_HOST = "$(BUNDLE_LOADER)";
				WRAPPER_EXTENSION = xctest;
			};
			name = Release;
		};
/* End XCBuildConfiguration section */

/* Begin XCConfigurationList section */
		B53D850F1917F794009A7961 /* Build configuration list for PBXProject "NEUPagingSegmentedControlDemo" */ = {
			isa = XCConfigurationList;
			buildConfigurations = (
				B53D853E1917F794009A7961 /* Debug */,
				B53D853F1917F794009A7961 /* Release */,
			);
			defaultConfigurationIsVisible = 0;
			defaultConfigurationName = Release;
		};
		B53D85401917F794009A7961 /* Build configuration list for PBXNativeTarget "NEUPagingSegmentedControlDemo" */ = {
			isa = XCConfigurationList;
			buildConfigurations = (
				B53D85411917F794009A7961 /* Debug */,
				B53D85421917F794009A7961 /* Release */,
			);
			defaultConfigurationIsVisible = 0;
			defaultConfigurationName = Release;
		};
		B53D85431917F794009A7961 /* Build configuration list for PBXNativeTarget "NEUPagingSegmentedControlDemoTests" */ = {
			isa = XCConfigurationList;
			buildConfigurations = (
				B53D85441917F794009A7961 /* Debug */,
				B53D85451917F794009A7961 /* Release */,
			);
			defaultConfigurationIsVisible = 0;
			defaultConfigurationName = Release;
		};
/* End XCConfigurationList section */
	};
	rootObject = B53D850C1917F794009A7961 /* Project object */;
}
